
Microsoft Visual Studio Solution File, Format Version 12.00
# Visual Studio Version 17
VisualStudioVersion = 17.3.32804.467
MinimumVisualStudioVersion = 10.0.40219.1
Project("{FAE04EC0-301F-11D3-BF4B-00C04F79EFBC}") = "ProtobufGenerator", "ProtobufGenerator\ProtobufGenerator.csproj", "{D46101BA-5CBA-48E0-BAD2-0BEFD9E97587}"
EndProject
Global
	GlobalSection(SolutionConfigurationPlatforms) = preSolution
		Debug|Any CPU = Debug|Any CPU
		Release|Any CPU = Release|Any CPU
	EndGlobalSection
	GlobalSection(ProjectConfigurationPlatforms) = postSolution
		{D46101BA-5CBA-48E0-BAD2-0BEFD9E97587}.Debug|Any CPU.ActiveCfg = Debug|Any CPU
		{D46101BA-5CBA-48E0-BAD2-0BEFD9E97587}.Debug|Any CPU.Build.0 = Debug|Any CPU
		{D46101BA-5CBA-48E0-BAD2-0BEFD9E97587}.Release|Any CPU.ActiveCfg = Release|Any CPU
		{D46101BA-5CBA-48E0-BAD2-0BEFD9E97587}.Release|Any CPU.Build.0 = Release|Any CPU
	EndGlobalSection
	GlobalSection(SolutionProperties) = preSolution
		HideSolutionNode = FALSE
	EndGlobalSection
	GlobalSection(ExtensibilityGlobals) = postSolution
		SolutionGuid = {6A470086-067C-4EC3-8337-2FC649E3B982}
	EndGlobalSection
EndGlobal
